
Microsoft Visual Studio Solution File, Format Version 12.00
# Visual Studio Version 16
VisualStudioVersion = 16.0.31019.35
MinimumVisualStudioVersion = 10.0.40219.1
Project("{2150E333-8FDC-42A3-9474-1A3956D46DE8}") = "Services", "Services", "{505D6DD5-B076-4F2C-AB77-FE1A8A87BFF5}"
EndProject
Project("{2150E333-8FDC-42A3-9474-1A3956D46DE8}") = "Catalog", "Catalog", "{35B8203B-2F31-4D08-AD99-68B24D2DBA6B}"
EndProject
Project("{9A19103F-16F7-4668-BE54-9A1E7A4F7556}") = "Services.Catalog", "Services\Catalog\Services.Catalog\Services.Catalog.csproj", "{95017570-EA3C-4DC8-845A-53BC30A80E91}"
EndProject
Project("{2150E333-8FDC-42A3-9474-1A3956D46DE8}") = "Solution Items", "Solution Items", "{3ACDE609-C973-4D62-8347-13D5D75FF41F}"
	ProjectSection(SolutionItems) = preProject
		Ports.txt = Ports.txt
	EndProjectSection
EndProject
Project("{2150E333-8FDC-42A3-9474-1A3956D46DE8}") = "Shared", "Shared", "{EA4540F6-8F01-409F-8A60-3A59990A2BC0}"
EndProject
Project("{9A19103F-16F7-4668-BE54-9A1E7A4F7556}") = "Shared.Library", "Shared\Shared.Library\Shared.Library.csproj", "{4E53870A-9C78-411D-A652-4962D71693C6}"
EndProject
Project("{9A19103F-16F7-4668-BE54-9A1E7A4F7556}") = "IdentityServer", "IdentityServer\IdentityServer\IdentityServer.csproj", "{7598EC89-D6FC-453B-A919-23FB586F9ECD}"
EndProject
Project("{2150E333-8FDC-42A3-9474-1A3956D46DE8}") = "PhotoStock", "PhotoStock", "{02C65E40-8F71-4D4D-BCD5-F140AFEA762C}"
EndProject
Project("{9A19103F-16F7-4668-BE54-9A1E7A4F7556}") = "Services.PhotoStock", "Services\PhotoStock\Services.PhotoStock\Services.PhotoStock.csproj", "{DB5419FF-0DE8-4341-A2A5-42C484CCEBA2}"
EndProject
Project("{2150E333-8FDC-42A3-9474-1A3956D46DE8}") = "Basket", "Basket", "{9326B6DF-57D4-4D5F-83E3-09E19771A889}"
EndProject
Project("{9A19103F-16F7-4668-BE54-9A1E7A4F7556}") = "Services.Basket", "Services\Basket\Services.Basket\Services.Basket.csproj", "{FE6A6AE4-1F83-4477-86CF-5CC3DCEDE9DB}"
EndProject
Project("{2150E333-8FDC-42A3-9474-1A3956D46DE8}") = "Discount", "Discount", "{D7D1789E-C541-417C-BC3E-159886439558}"
EndProject
Project("{9A19103F-16F7-4668-BE54-9A1E7A4F7556}") = "Services.Discount", "Services\Discount\Services.Discount\Services.Discount.csproj", "{331E31D9-F07E-4589-86EB-4A7E77C4BEE0}"
EndProject
Project("{2150E333-8FDC-42A3-9474-1A3956D46DE8}") = "Order", "Order", "{1E8AD5D4-8634-46F2-AA54-7D39D113DE5C}"
EndProject
Project("{9A19103F-16F7-4668-BE54-9A1E7A4F7556}") = "Services.Order.API", "Services\Order\Services.Order.API\Services.Order.API.csproj", "{B2B15E5A-00F6-4F96-8F33-EE860963E3D4}"
EndProject
Project("{9A19103F-16F7-4668-BE54-9A1E7A4F7556}") = "Services.Order.Application", "Services\Order\Services.Order.Application\Services.Order.Application.csproj", "{3183F91D-27B7-44D6-ABED-606AB77EEC87}"
EndProject
Project("{9A19103F-16F7-4668-BE54-9A1E7A4F7556}") = "Services.Order.Domain", "Services\Order\Services.Order.Domain\Services.Order.Domain.csproj", "{DACE7894-F8A3-4960-8C65-F67F65C88E11}"
EndProject
Project("{9A19103F-16F7-4668-BE54-9A1E7A4F7556}") = "Services.Order.Domain.Core", "Services\Order\Services.Order.Domain.Core\Services.Order.Domain.Core.csproj", "{5632C3E7-EF5D-453D-92E7-787C0628F76D}"
EndProject
Project("{9A19103F-16F7-4668-BE54-9A1E7A4F7556}") = "Service.Order.Infrastructure", "Services\Order\Service.Order.Infrastructure\Service.Order.Infrastructure.csproj", "{C29EE5CF-9BD2-4B5B-9750-BC542A46CD72}"
EndProject
Project("{2150E333-8FDC-42A3-9474-1A3956D46DE8}") = "Payment", "Payment", "{EA83C5F7-93D5-4642-8840-4DC7AC4E2E18}"
EndProject
Project("{FAE04EC0-301F-11D3-BF4B-00C04F79EFBC}") = "Services.Payment", "Services\Payment\Services.Payment\Services.Payment.csproj", "{73A74AC9-AC84-4297-B59F-91A9B1331B20}"
EndProject
Global
	GlobalSection(SolutionConfigurationPlatforms) = preSolution
		Debug|Any CPU = Debug|Any CPU
		Release|Any CPU = Release|Any CPU
	EndGlobalSection
	GlobalSection(ProjectConfigurationPlatforms) = postSolution
		{95017570-EA3C-4DC8-845A-53BC30A80E91}.Debug|Any CPU.ActiveCfg = Debug|Any CPU
		{95017570-EA3C-4DC8-845A-53BC30A80E91}.Debug|Any CPU.Build.0 = Debug|Any CPU
		{95017570-EA3C-4DC8-845A-53BC30A80E91}.Release|Any CPU.ActiveCfg = Release|Any CPU
		{95017570-EA3C-4DC8-845A-53BC30A80E91}.Release|Any CPU.Build.0 = Release|Any CPU
		{4E53870A-9C78-411D-A652-4962D71693C6}.Debug|Any CPU.ActiveCfg = Debug|Any CPU
		{4E53870A-9C78-411D-A652-4962D71693C6}.Debug|Any CPU.Build.0 = Debug|Any CPU
		{4E53870A-9C78-411D-A652-4962D71693C6}.Release|Any CPU.ActiveCfg = Release|Any CPU
		{4E53870A-9C78-411D-A652-4962D71693C6}.Release|Any CPU.Build.0 = Release|Any CPU
		{7598EC89-D6FC-453B-A919-23FB586F9ECD}.Debug|Any CPU.ActiveCfg = Debug|Any CPU
		{7598EC89-D6FC-453B-A919-23FB586F9ECD}.Debug|Any CPU.Build.0 = Debug|Any CPU
		{7598EC89-D6FC-453B-A919-23FB586F9ECD}.Release|Any CPU.ActiveCfg = Release|Any CPU
		{7598EC89-D6FC-453B-A919-23FB586F9ECD}.Release|Any CPU.Build.0 = Release|Any CPU
		{DB5419FF-0DE8-4341-A2A5-42C484CCEBA2}.Debug|Any CPU.ActiveCfg = Debug|Any CPU
		{DB5419FF-0DE8-4341-A2A5-42C484CCEBA2}.Debug|Any CPU.Build.0 = Debug|Any CPU
		{DB5419FF-0DE8-4341-A2A5-42C484CCEBA2}.Release|Any CPU.ActiveCfg = Release|Any CPU
		{DB5419FF-0DE8-4341-A2A5-42C484CCEBA2}.Release|Any CPU.Build.0 = Release|Any CPU
		{FE6A6AE4-1F83-4477-86CF-5CC3DCEDE9DB}.Debug|Any CPU.ActiveCfg = Debug|Any CPU
		{FE6A6AE4-1F83-4477-86CF-5CC3DCEDE9DB}.Debug|Any CPU.Build.0 = Debug|Any CPU
		{FE6A6AE4-1F83-4477-86CF-5CC3DCEDE9DB}.Release|Any CPU.ActiveCfg = Release|Any CPU
		{FE6A6AE4-1F83-4477-86CF-5CC3DCEDE9DB}.Release|Any CPU.Build.0 = Release|Any CPU
		{331E31D9-F07E-4589-86EB-4A7E77C4BEE0}.Debug|Any CPU.ActiveCfg = Debug|Any CPU
		{331E31D9-F07E-4589-86EB-4A7E77C4BEE0}.Debug|Any CPU.Build.0 = Debug|Any CPU
		{331E31D9-F07E-4589-86EB-4A7E77C4BEE0}.Release|Any CPU.ActiveCfg = Release|Any CPU
		{331E31D9-F07E-4589-86EB-4A7E77C4BEE0}.Release|Any CPU.Build.0 = Release|Any CPU
		{B2B15E5A-00F6-4F96-8F33-EE860963E3D4}.Debug|Any CPU.ActiveCfg = Debug|Any CPU
		{B2B15E5A-00F6-4F96-8F33-EE860963E3D4}.Debug|Any CPU.Build.0 = Debug|Any CPU
		{B2B15E5A-00F6-4F96-8F33-EE860963E3D4}.Release|Any CPU.ActiveCfg = Release|Any CPU
		{B2B15E5A-00F6-4F96-8F33-EE860963E3D4}.Release|Any CPU.Build.0 = Release|Any CPU
		{3183F91D-27B7-44D6-ABED-606AB77EEC87}.Debug|Any CPU.ActiveCfg = Debug|Any CPU
		{3183F91D-27B7-44D6-ABED-606AB77EEC87}.Debug|Any CPU.Build.0 = Debug|Any CPU
		{3183F91D-27B7-44D6-ABED-606AB77EEC87}.Release|Any CPU.ActiveCfg = Release|Any CPU
		{3183F91D-27B7-44D6-ABED-606AB77EEC87}.Release|Any CPU.Build.0 = Release|Any CPU
		{DACE7894-F8A3-4960-8C65-F67F65C88E11}.Debug|Any CPU.ActiveCfg = Debug|Any CPU
		{DACE7894-F8A3-4960-8C65-F67F65C88E11}.Debug|Any CPU.Build.0 = Debug|Any CPU
		{DACE7894-F8A3-4960-8C65-F67F65C88E11}.Release|Any CPU.ActiveCfg = Release|Any CPU
		{DACE7894-F8A3-4960-8C65-F67F65C88E11}.Release|Any CPU.Build.0 = Release|Any CPU
		{5632C3E7-EF5D-453D-92E7-787C0628F76D}.Debug|Any CPU.ActiveCfg = Debug|Any CPU
		{5632C3E7-EF5D-453D-92E7-787C0628F76D}.Debug|Any CPU.Build.0 = Debug|Any CPU
		{5632C3E7-EF5D-453D-92E7-787C0628F76D}.Release|Any CPU.ActiveCfg = Release|Any CPU
		{5632C3E7-EF5D-453D-92E7-787C0628F76D}.Release|Any CPU.Build.0 = Release|Any CPU
		{C29EE5CF-9BD2-4B5B-9750-BC542A46CD72}.Debug|Any CPU.ActiveCfg = Debug|Any CPU
		{C29EE5CF-9BD2-4B5B-9750-BC542A46CD72}.Debug|Any CPU.Build.0 = Debug|Any CPU
		{C29EE5CF-9BD2-4B5B-9750-BC542A46CD72}.Release|Any CPU.ActiveCfg = Release|Any CPU
		{C29EE5CF-9BD2-4B5B-9750-BC542A46CD72}.Release|Any CPU.Build.0 = Release|Any CPU
		{73A74AC9-AC84-4297-B59F-91A9B1331B20}.Debug|Any CPU.ActiveCfg = Debug|Any CPU
		{73A74AC9-AC84-4297-B59F-91A9B1331B20}.Debug|Any CPU.Build.0 = Debug|Any CPU
		{73A74AC9-AC84-4297-B59F-91A9B1331B20}.Release|Any CPU.ActiveCfg = Release|Any CPU
		{73A74AC9-AC84-4297-B59F-91A9B1331B20}.Release|Any CPU.Build.0 = Release|Any CPU
	EndGlobalSection
	GlobalSection(SolutionProperties) = preSolution
		HideSolutionNode = FALSE
	EndGlobalSection
	GlobalSection(NestedProjects) = preSolution
		{35B8203B-2F31-4D08-AD99-68B24D2DBA6B} = {505D6DD5-B076-4F2C-AB77-FE1A8A87BFF5}
		{95017570-EA3C-4DC8-845A-53BC30A80E91} = {35B8203B-2F31-4D08-AD99-68B24D2DBA6B}
		{4E53870A-9C78-411D-A652-4962D71693C6} = {EA4540F6-8F01-409F-8A60-3A59990A2BC0}
		{02C65E40-8F71-4D4D-BCD5-F140AFEA762C} = {505D6DD5-B076-4F2C-AB77-FE1A8A87BFF5}
		{DB5419FF-0DE8-4341-A2A5-42C484CCEBA2} = {02C65E40-8F71-4D4D-BCD5-F140AFEA762C}
		{9326B6DF-57D4-4D5F-83E3-09E19771A889} = {505D6DD5-B076-4F2C-AB77-FE1A8A87BFF5}
		{FE6A6AE4-1F83-4477-86CF-5CC3DCEDE9DB} = {9326B6DF-57D4-4D5F-83E3-09E19771A889}
		{D7D1789E-C541-417C-BC3E-159886439558} = {505D6DD5-B076-4F2C-AB77-FE1A8A87BFF5}
		{331E31D9-F07E-4589-86EB-4A7E77C4BEE0} = {D7D1789E-C541-417C-BC3E-159886439558}
		{1E8AD5D4-8634-46F2-AA54-7D39D113DE5C} = {505D6DD5-B076-4F2C-AB77-FE1A8A87BFF5}
		{B2B15E5A-00F6-4F96-8F33-EE860963E3D4} = {1E8AD5D4-8634-46F2-AA54-7D39D113DE5C}
		{3183F91D-27B7-44D6-ABED-606AB77EEC87} = {1E8AD5D4-8634-46F2-AA54-7D39D113DE5C}
		{DACE7894-F8A3-4960-8C65-F67F65C88E11} = {1E8AD5D4-8634-46F2-AA54-7D39D113DE5C}
		{5632C3E7-EF5D-453D-92E7-787C0628F76D} = {1E8AD5D4-8634-46F2-AA54-7D39D113DE5C}
		{C29EE5CF-9BD2-4B5B-9750-BC542A46CD72} = {1E8AD5D4-8634-46F2-AA54-7D39D113DE5C}
		{EA83C5F7-93D5-4642-8840-4DC7AC4E2E18} = {505D6DD5-B076-4F2C-AB77-FE1A8A87BFF5}
		{73A74AC9-AC84-4297-B59F-91A9B1331B20} = {EA83C5F7-93D5-4642-8840-4DC7AC4E2E18}
	EndGlobalSection
	GlobalSection(ExtensibilityGlobals) = postSolution
		SolutionGuid = {0D58A620-3316-49E2-B9F1-53CDA521A901}
	EndGlobalSection
EndGlobal
